<Solution>
    <Configurations>
        <Platform Name="ARM64"/>
        <Platform Name="x64"/>
    </Configurations>
    <Folder Name="/Solution Items/">
        <File Path="LICENSE"/>
        <File Path="README.md"/>
        <File Path="Directory.Build.props"/>
        <File Path=".editorconfig"/>
    </Folder>
    <Folder Name="/Solution Items/Pipelines/">
        <File Path=".github/workflows/build.yml"/>
        <File Path=".github/workflows/release.yml"/>
        <File Path=".github/workflows/format.yml"/>
    </Folder>
    <Project Path="QCEDL.Analyzer\QCEDL.Analyzer.csproj" Type="Classic C#">
        <Platform Solution="*|ARM64" Project="ARM64"/>
        <Platform Solution="*|x64" Project="x64"/>
    </Project>
    <Project Path="QCEDL.CLI\QCEDL.CLI.csproj" Type="Classic C#">
        <Platform Solution="*|ARM64" Project="ARM64"/>
        <Platform Solution="*|x64" Project="x64"/>
    </Project>
    <Project Path="QCEDL.NET\QCEDL.NET.csproj" Type="Classic C#">
        <Platform Solution="*|ARM64" Project="ARM64"/>
        <Platform Solution="*|x64" Project="x64"/>
    </Project>
</Solution>