
Microsoft Visual Studio Solution File, Format Version 12.00
# Visual Studio Version 17
VisualStudioVersion = 17.13.35605.110
MinimumVisualStudioVersion = 10.0.40219.1
Project("{FAE04EC0-301F-11D3-BF4B-00C04F79EFBC}") = "QCEDL.NET", "QCEDL.NET\QCEDL.NET.csproj", "{73017A55-AFEC-466C-9223-A732BF2369C6}"
EndProject
Project("{FAE04EC0-301F-11D3-BF4B-00C04F79EFBC}") = "QCEDL.CLI", "QCEDL.CLI\QCEDL.CLI.csproj", "{442CD304-C8F0-7B4D-8238-00E993496920}"
EndProject
Global
	GlobalSection(SolutionConfigurationPlatforms) = preSolution
		Debug|x64 = Debug|x64
		Debug|ARM64 = Debug|ARM64
		Release|x64 = Release|x64
		Release|ARM64 = Release|ARM64
	EndGlobalSection
	GlobalSection(ProjectConfigurationPlatforms) = postSolution
		{73017A55-AFEC-466C-9223-A732BF2369C6}.Debug|x64.ActiveCfg = Debug|x64
		{73017A55-AFEC-466C-9223-A732BF2369C6}.Debug|x64.Build.0 = Debug|x64
		{73017A55-AFEC-466C-9223-A732BF2369C6}.Debug|ARM64.ActiveCfg = Debug|ARM64
		{73017A55-AFEC-466C-9223-A732BF2369C6}.Debug|ARM64.Build.0 = Debug|ARM64
		{73017A55-AFEC-466C-9223-A732BF2369C6}.Release|x64.ActiveCfg = Release|x64
		{73017A55-AFEC-466C-9223-A732BF2369C6}.Release|x64.Build.0 = Release|x64
		{73017A55-AFEC-466C-9223-A732BF2369C6}.Release|ARM64.ActiveCfg = Release|ARM64
		{73017A55-AFEC-466C-9223-A732BF2369C6}.Release|ARM64.Build.0 = Release|ARM64
		{442CD304-C8F0-7B4D-8238-00E993496920}.Debug|x64.ActiveCfg = Debug|x64
		{442CD304-C8F0-7B4D-8238-00E993496920}.Debug|x64.Build.0 = Debug|x64
		{442CD304-C8F0-7B4D-8238-00E993496920}.Debug|ARM64.ActiveCfg = Debug|ARM64
		{442CD304-C8F0-7B4D-8238-00E993496920}.Debug|ARM64.Build.0 = Debug|ARM64
		{442CD304-C8F0-7B4D-8238-00E993496920}.Release|x64.ActiveCfg = Release|x64
		{442CD304-C8F0-7B4D-8238-00E993496920}.Release|x64.Build.0 = Release|x64
		{442CD304-C8F0-7B4D-8238-00E993496920}.Release|ARM64.ActiveCfg = Release|ARM64
		{442CD304-C8F0-7B4D-8238-00E993496920}.Release|ARM64.Build.0 = Release|ARM64
	EndGlobalSection
	GlobalSection(SolutionProperties) = preSolution
		HideSolutionNode = FALSE
	EndGlobalSection
	GlobalSection(ExtensibilityGlobals) = postSolution
		SolutionGuid = {E3C2A2A2-9B27-4C8C-A5AE-4CB835B3A5A3}
	EndGlobalSection
EndGlobal
